
Microsoft Visual Studio Solution File, Format Version 12.00
# Visual Studio Version 16
VisualStudioVersion = 16.0.30114.105
MinimumVisualStudioVersion = 10.0.40219.1
Project("{FAE04EC0-301F-11D3-BF4B-00C04F79EFBC}") = "MatchMakerService", "MatchMakerService\MatchMakerService.csproj", "{834A19AA-9EED-4AE2-B7BB-8B913A5826E6}"
EndProject
Project("{FAE04EC0-301F-11D3-BF4B-00C04F79EFBC}") = "IntervalService", "IntervalService\IntervalService.csproj", "{C36838EC-B04A-4634-809F-131537595936}"
EndProject
Project("{2150E333-8FDC-42A3-9474-1A3956D46DE8}") = "Tests", "Tests", "{D66F8485-AA13-4C90-8C06-C5BF2DB264E0}"
EndProject
Project("{FAE04EC0-301F-11D3-BF4B-00C04F79EFBC}") = "IntervalServiceTest", "Tests\IntervalServiceTest\IntervalServiceTest.csproj", "{EA6BF9BB-DE76-496A-B046-753481DA9DB0}"
EndProject
Project("{FAE04EC0-301F-11D3-BF4B-00C04F79EFBC}") = "Sandbox", "Sandbox\Sandbox.csproj", "{6934CCD2-C18E-4B71-8BD9-F04315EE5CD7}"
EndProject
Project("{FAE04EC0-301F-11D3-BF4B-00C04F79EFBC}") = "ProbabilityServiceTest", "Tests\ProbabilityServiceTest\ProbabilityServiceTest.csproj", "{C2B430BB-39C3-42D4-B376-4F60D50BF1A6}"
EndProject
Project("{FAE04EC0-301F-11D3-BF4B-00C04F79EFBC}") = "MatchMakerServiceTest", "Tests\MatchMakerServiceTest\MatchMakerServiceTest.csproj", "{5E8E38C8-6488-42A3-80D4-07395D244AF6}"
EndProject
Global
	GlobalSection(SolutionConfigurationPlatforms) = preSolution
		Debug|Any CPU = Debug|Any CPU
		Release|Any CPU = Release|Any CPU
	EndGlobalSection
	GlobalSection(SolutionProperties) = preSolution
		HideSolutionNode = FALSE
	EndGlobalSection
	GlobalSection(ProjectConfigurationPlatforms) = postSolution
		{834A19AA-9EED-4AE2-B7BB-8B913A5826E6}.Debug|Any CPU.ActiveCfg = Debug|Any CPU
		{834A19AA-9EED-4AE2-B7BB-8B913A5826E6}.Debug|Any CPU.Build.0 = Debug|Any CPU
		{834A19AA-9EED-4AE2-B7BB-8B913A5826E6}.Release|Any CPU.ActiveCfg = Release|Any CPU
		{834A19AA-9EED-4AE2-B7BB-8B913A5826E6}.Release|Any CPU.Build.0 = Release|Any CPU
		{C36838EC-B04A-4634-809F-131537595936}.Debug|Any CPU.ActiveCfg = Debug|Any CPU
		{C36838EC-B04A-4634-809F-131537595936}.Debug|Any CPU.Build.0 = Debug|Any CPU
		{C36838EC-B04A-4634-809F-131537595936}.Release|Any CPU.ActiveCfg = Release|Any CPU
		{C36838EC-B04A-4634-809F-131537595936}.Release|Any CPU.Build.0 = Release|Any CPU
		{EA6BF9BB-DE76-496A-B046-753481DA9DB0}.Debug|Any CPU.ActiveCfg = Debug|Any CPU
		{EA6BF9BB-DE76-496A-B046-753481DA9DB0}.Debug|Any CPU.Build.0 = Debug|Any CPU
		{EA6BF9BB-DE76-496A-B046-753481DA9DB0}.Release|Any CPU.ActiveCfg = Release|Any CPU
		{EA6BF9BB-DE76-496A-B046-753481DA9DB0}.Release|Any CPU.Build.0 = Release|Any CPU
		{6934CCD2-C18E-4B71-8BD9-F04315EE5CD7}.Debug|Any CPU.ActiveCfg = Debug|Any CPU
		{6934CCD2-C18E-4B71-8BD9-F04315EE5CD7}.Debug|Any CPU.Build.0 = Debug|Any CPU
		{6934CCD2-C18E-4B71-8BD9-F04315EE5CD7}.Release|Any CPU.ActiveCfg = Release|Any CPU
		{6934CCD2-C18E-4B71-8BD9-F04315EE5CD7}.Release|Any CPU.Build.0 = Release|Any CPU
		{C2B430BB-39C3-42D4-B376-4F60D50BF1A6}.Debug|Any CPU.ActiveCfg = Debug|Any CPU
		{C2B430BB-39C3-42D4-B376-4F60D50BF1A6}.Debug|Any CPU.Build.0 = Debug|Any CPU
		{C2B430BB-39C3-42D4-B376-4F60D50BF1A6}.Release|Any CPU.ActiveCfg = Release|Any CPU
		{C2B430BB-39C3-42D4-B376-4F60D50BF1A6}.Release|Any CPU.Build.0 = Release|Any CPU
		{5E8E38C8-6488-42A3-80D4-07395D244AF6}.Debug|Any CPU.ActiveCfg = Debug|Any CPU
		{5E8E38C8-6488-42A3-80D4-07395D244AF6}.Debug|Any CPU.Build.0 = Debug|Any CPU
		{5E8E38C8-6488-42A3-80D4-07395D244AF6}.Release|Any CPU.ActiveCfg = Release|Any CPU
		{5E8E38C8-6488-42A3-80D4-07395D244AF6}.Release|Any CPU.Build.0 = Release|Any CPU
	EndGlobalSection
	GlobalSection(NestedProjects) = preSolution
		{EA6BF9BB-DE76-496A-B046-753481DA9DB0} = {D66F8485-AA13-4C90-8C06-C5BF2DB264E0}
		{C2B430BB-39C3-42D4-B376-4F60D50BF1A6} = {D66F8485-AA13-4C90-8C06-C5BF2DB264E0}
		{5E8E38C8-6488-42A3-80D4-07395D244AF6} = {D66F8485-AA13-4C90-8C06-C5BF2DB264E0}
	EndGlobalSection
EndGlobal
