
Microsoft Visual Studio Solution File, Format Version 12.00
# Visual Studio Version 16
VisualStudioVersion = 16.0.30114.105
MinimumVisualStudioVersion = 10.0.40219.1
Project("{FAE04EC0-301F-11D3-BF4B-00C04F79EFBC}") = "MatchMakerService", "MatchMakerService\MatchMakerService.csproj", "{834A19AA-9EED-4AE2-B7BB-8B913A5826E6}"
EndProject
Project("{2150E333-8FDC-42A3-9474-1A3956D46DE8}") = "Tests", "Tests", "{7E2C3EA8-3C37-42F5-8BEC-874D6F3C2458}"
EndProject
Project("{FAE04EC0-301F-11D3-BF4B-00C04F79EFBC}") = "MatchMakerServiceTest", "Tests\MatchMakerServiceTest\MatchMakerServiceTest.csproj", "{2160671F-DA34-4652-8E39-8FE7DAB94951}"
EndProject
Project("{FAE04EC0-301F-11D3-BF4B-00C04F79EFBC}") = "IntervalService", "IntervalService\IntervalService.csproj", "{C36838EC-B04A-4634-809F-131537595936}"
EndProject
Global
	GlobalSection(SolutionConfigurationPlatforms) = preSolution
		Debug|Any CPU = Debug|Any CPU
		Release|Any CPU = Release|Any CPU
	EndGlobalSection
	GlobalSection(SolutionProperties) = preSolution
		HideSolutionNode = FALSE
	EndGlobalSection
	GlobalSection(ProjectConfigurationPlatforms) = postSolution
		{834A19AA-9EED-4AE2-B7BB-8B913A5826E6}.Debug|Any CPU.ActiveCfg = Debug|Any CPU
		{834A19AA-9EED-4AE2-B7BB-8B913A5826E6}.Debug|Any CPU.Build.0 = Debug|Any CPU
		{834A19AA-9EED-4AE2-B7BB-8B913A5826E6}.Release|Any CPU.ActiveCfg = Release|Any CPU
		{834A19AA-9EED-4AE2-B7BB-8B913A5826E6}.Release|Any CPU.Build.0 = Release|Any CPU
		{2160671F-DA34-4652-8E39-8FE7DAB94951}.Debug|Any CPU.ActiveCfg = Debug|Any CPU
		{2160671F-DA34-4652-8E39-8FE7DAB94951}.Debug|Any CPU.Build.0 = Debug|Any CPU
		{2160671F-DA34-4652-8E39-8FE7DAB94951}.Release|Any CPU.ActiveCfg = Release|Any CPU
		{2160671F-DA34-4652-8E39-8FE7DAB94951}.Release|Any CPU.Build.0 = Release|Any CPU
		{C36838EC-B04A-4634-809F-131537595936}.Debug|Any CPU.ActiveCfg = Debug|Any CPU
		{C36838EC-B04A-4634-809F-131537595936}.Debug|Any CPU.Build.0 = Debug|Any CPU
		{C36838EC-B04A-4634-809F-131537595936}.Release|Any CPU.ActiveCfg = Release|Any CPU
		{C36838EC-B04A-4634-809F-131537595936}.Release|Any CPU.Build.0 = Release|Any CPU
	EndGlobalSection
	GlobalSection(NestedProjects) = preSolution
		{2160671F-DA34-4652-8E39-8FE7DAB94951} = {7E2C3EA8-3C37-42F5-8BEC-874D6F3C2458}
	EndGlobalSection
EndGlobal
